
Microsoft Visual Studio Solution File, Format Version 12.00
# Visual Studio Version 16
VisualStudioVersion = 16.0.30104.148
MinimumVisualStudioVersion = 10.0.40219.1
Project("{FAE04EC0-301F-11D3-BF4B-00C04F79EFBC}") = "ContactManager.Api", "ContactManager.Api\ContactManager.Api.csproj", "{D33B93A3-E1F1-4348-9E68-EB9A9DFB572A}"
EndProject
Project("{FAE04EC0-301F-11D3-BF4B-00C04F79EFBC}") = "ContactManager.Data", "ContactManager.Data\ContactManager.Data.csproj", "{D810E0AE-5169-4DC8-BB69-64150DA28FDC}"
EndProject
Project("{FAE04EC0-301F-11D3-BF4B-00C04F79EFBC}") = "ContactManager.Entities", "ContactManager.Entities\ContactManager.Entities.csproj", "{B02ACDE7-0AA8-4932-98E9-8B290BAE5758}"
EndProject
Global
	GlobalSection(SolutionConfigurationPlatforms) = preSolution
		Debug|Any CPU = Debug|Any CPU
		Release|Any CPU = Release|Any CPU
	EndGlobalSection
	GlobalSection(ProjectConfigurationPlatforms) = postSolution
		{D33B93A3-E1F1-4348-9E68-EB9A9DFB572A}.Debug|Any CPU.ActiveCfg = Debug|Any CPU
		{D33B93A3-E1F1-4348-9E68-EB9A9DFB572A}.Debug|Any CPU.Build.0 = Debug|Any CPU
		{D33B93A3-E1F1-4348-9E68-EB9A9DFB572A}.Release|Any CPU.ActiveCfg = Release|Any CPU
		{D33B93A3-E1F1-4348-9E68-EB9A9DFB572A}.Release|Any CPU.Build.0 = Release|Any CPU
		{D810E0AE-5169-4DC8-BB69-64150DA28FDC}.Debug|Any CPU.ActiveCfg = Debug|Any CPU
		{D810E0AE-5169-4DC8-BB69-64150DA28FDC}.Debug|Any CPU.Build.0 = Debug|Any CPU
		{D810E0AE-5169-4DC8-BB69-64150DA28FDC}.Release|Any CPU.ActiveCfg = Release|Any CPU
		{D810E0AE-5169-4DC8-BB69-64150DA28FDC}.Release|Any CPU.Build.0 = Release|Any CPU
		{B02ACDE7-0AA8-4932-98E9-8B290BAE5758}.Debug|Any CPU.ActiveCfg = Debug|Any CPU
		{B02ACDE7-0AA8-4932-98E9-8B290BAE5758}.Debug|Any CPU.Build.0 = Debug|Any CPU
		{B02ACDE7-0AA8-4932-98E9-8B290BAE5758}.Release|Any CPU.ActiveCfg = Release|Any CPU
		{B02ACDE7-0AA8-4932-98E9-8B290BAE5758}.Release|Any CPU.Build.0 = Release|Any CPU
	EndGlobalSection
	GlobalSection(SolutionProperties) = preSolution
		HideSolutionNode = FALSE
	EndGlobalSection
	GlobalSection(ExtensibilityGlobals) = postSolution
		SolutionGuid = {E3BEEF22-8E9A-419D-9978-DE831A996262}
	EndGlobalSection
EndGlobal
